schema: '2.0'
stages:
  preprocess:
    cmd: uv run python src/youtube_sentiment/training/preprocess.py --input 
      data/raw/comments.json --output data/processed/comments_cleaned.csv
    deps:
    - path: data/raw/comments.json
      hash: md5
      md5: 07a4a6fcc5325030a0f6801f83de6839
      size: 4158
    - path: src/youtube_sentiment/training/preprocess.py
      hash: md5
      md5: aa250d0bb9fd658193862121bfea8afd
      size: 2101
    outs:
    - path: data/processed/comments_cleaned.csv
      hash: md5
      md5: 6a6fe30c65a2b3a76bb56c79f2a6df11
      size: 4729
  train:
    cmd: uv run python src/youtube_sentiment/training/train.py --data 
      data/processed/comments_cleaned.csv --output-dir models
    deps:
    - path: data/processed/comments_cleaned.csv
      hash: md5
      md5: 6a6fe30c65a2b3a76bb56c79f2a6df11
      size: 4729
    - path: src/youtube_sentiment/training/train.py
      hash: md5
      md5: dacc95cc97e6450573942a693ea6ae1c
      size: 8357
    outs:
    - path: models
      hash: md5
      md5: 353028089fcde45bdad7b7b356e4ea51.dir
      size: 3792330088
      nfiles: 18
  drift:
    cmd: uv run python src/youtube_sentiment/training/drift_report.py --current 
      data/processed/comments_cleaned.csv --baseline 
      reports/baseline_distribution.json --output reports/drift_report.json
    deps:
    - path: data/processed/comments_cleaned.csv
      hash: md5
      md5: 6a6fe30c65a2b3a76bb56c79f2a6df11
      size: 4729
    - path: reports/baseline_distribution.json
      hash: md5
      md5: 05e292c00d174aae920586073f9e2af0
      size: 60
    - path: src/youtube_sentiment/training/drift_report.py
      hash: md5
      md5: 17df6470edce632f00957a1cf4d17b96
      size: 2486
    outs:
    - path: reports/drift_report.json
      hash: md5
      md5: 2a53ee0498793005eb9506463ff780b2
      size: 238
  evaluate:
    cmd: uv run python src/youtube_sentiment/training/eval_report.py --input 
      data/processed/comments_cleaned.csv --output reports/eval_report.json
    deps:
    - path: data/processed/comments_cleaned.csv
      hash: md5
      md5: 6a6fe30c65a2b3a76bb56c79f2a6df11
      size: 4729
    - path: src/youtube_sentiment/training/eval_report.py
      hash: md5
      md5: 8a65549ad2e84f54afaeff9f9872bdf3
      size: 3694
    outs:
    - path: reports/eval_report.json
      hash: md5
      md5: c1429a67f8b31ef5891148650a048b0d
      size: 285
